
Microsoft Visual Studio Solution File, Format Version 12.00
# Visual Studio Version 17
VisualStudioVersion = 17.9.34723.18
MinimumVisualStudioVersion = 10.0.40219.1
Project("{FAE04EC0-301F-11D3-BF4B-00C04F79EFBC}") = "Exercicio8", "Exercicio8\Exercicio8.csproj", "{EEAE838E-26A8-466C-9EF3-A94C9D9350F6}"
EndProject
Global
	GlobalSection(SolutionConfigurationPlatforms) = preSolution
		Debug|Any CPU = Debug|Any CPU
		Release|Any CPU = Release|Any CPU
	EndGlobalSection
	GlobalSection(ProjectConfigurationPlatforms) = postSolution
		{EEAE838E-26A8-466C-9EF3-A94C9D9350F6}.Debug|Any CPU.ActiveCfg = Debug|Any CPU
		{EEAE838E-26A8-466C-9EF3-A94C9D9350F6}.Debug|Any CPU.Build.0 = Debug|Any CPU
		{EEAE838E-26A8-466C-9EF3-A94C9D9350F6}.Release|Any CPU.ActiveCfg = Release|Any CPU
		{EEAE838E-26A8-466C-9EF3-A94C9D9350F6}.Release|Any CPU.Build.0 = Release|Any CPU
	EndGlobalSection
	GlobalSection(SolutionProperties) = preSolution
		HideSolutionNode = FALSE
	EndGlobalSection
	GlobalSection(ExtensibilityGlobals) = postSolution
		SolutionGuid = {D8B9744B-DDED-4479-A47D-D3F0A50F6C03}
	EndGlobalSection
EndGlobal
